
Microsoft Visual Studio Solution File, Format Version 12.00
# Visual Studio Version 17
VisualStudioVersion = 17.9.34714.143
MinimumVisualStudioVersion = 10.0.40219.1
Project("{8BC9CEB8-8B4A-11D0-8D11-00A0C91BC942}") = "BAITAP1THUCHANHCHUONG2", "BAITAP1THUCHANHCHUONG2\BAITAP1THUCHANHCHUONG2.vcxproj", "{3C6D7D98-A5C9-4855-98FE-02B81477811D}"
EndProject
Project("{8BC9CEB8-8B4A-11D0-8D11-00A0C91BC942}") = "BAITAP2THUCHANHCHUONG2", "BAITAP2THUCHANHCHUONG2\BAITAP2THUCHANHCHUONG2.vcxproj", "{31902977-B309-4626-86E5-ECD6C26BB51F}"
EndProject
Project("{8BC9CEB8-8B4A-11D0-8D11-00A0C91BC942}") = "BAITAP2CHUONG3", "BAITAP2CHUONG3\BAITAP2CHUONG3.vcxproj", "{C54DC2B8-F737-473D-8711-67E47FBC3368}"
EndProject
Project("{8BC9CEB8-8B4A-11D0-8D11-00A0C91BC942}") = "CHUONG3BAITAP1", "CHUONG3BAITAP1\CHUONG3BAITAP1.vcxproj", "{EEBC7041-1D21-45F1-8BCC-557629123B71}"
EndProject
Project("{8BC9CEB8-8B4A-11D0-8D11-00A0C91BC942}") = "BAITAP1THUCHANHCHUONG3", "BAITAP1THUCHANHCHUONG3\BAITAP1THUCHANHCHUONG3.vcxproj", "{4CA38011-595B-410B-9E3F-10729B7D06F9}"
EndProject
Project("{8BC9CEB8-8B4A-11D0-8D11-00A0C91BC942}") = "BAITAP2THUCHANHCHUONG3", "BAITAP2THUCHANHCHUONG3\BAITAP2THUCHANHCHUONG3.vcxproj", "{FE68AD39-7B8A-4BE7-BD32-0D10B198EB4C}"
EndProject
Project("{8BC9CEB8-8B4A-11D0-8D11-00A0C91BC942}") = "BAITAP1THUCHANHCHUONG4", "BAITAP1THUCHANHCHUONG4\BAITAP1THUCHANHCHUONG4.vcxproj", "{AF20401E-FE25-4CA7-BE3C-5CCD0B5A6F8F}"
EndProject
Project("{8BC9CEB8-8B4A-11D0-8D11-00A0C91BC942}") = "BAITAP2THUCHANHCHUONG4", "BAITAP2THUCHANHCHUONG4\BAITAP2THUCHANHCHUONG4.vcxproj", "{98DDCE04-569E-4756-B9E6-1B6CCBC333CF}"
EndProject
Project("{8BC9CEB8-8B4A-11D0-8D11-00A0C91BC942}") = "BAITAP3THUCHANHCHUONG4", "BAITAP3THUCHANHCHUONG4\BAITAP3THUCHANHCHUONG4.vcxproj", "{BFEE3E7F-299A-4C4D-ABEC-F66A90F10C85}"
EndProject
Project("{8BC9CEB8-8B4A-11D0-8D11-00A0C91BC942}") = "CHUYENXE", "CHUYENXE\CHUYENXE.vcxproj", "{C0583666-840B-42F5-8A06-3BEA413004B8}"
EndProject
Project("{8BC9CEB8-8B4A-11D0-8D11-00A0C91BC942}") = "THUVIEN", "THUVIEN\THUVIEN.vcxproj", "{93139A5E-D8C5-47E7-9358-F325F4721F35}"
EndProject
Project("{8BC9CEB8-8B4A-11D0-8D11-00A0C91BC942}") = "EMPLOYEE", "EMPLOYEE\EMPLOYEE.vcxproj", "{B4618FC4-8B75-4F38-BBD8-AA82F08937C6}"
EndProject
Project("{8BC9CEB8-8B4A-11D0-8D11-00A0C91BC942}") = "Nhan_Vien", "Nhan_Vien\Nhan_Vien.vcxproj", "{FDB6483D-C3AD-4E80-8853-00FC603D2734}"
EndProject
Project("{8BC9CEB8-8B4A-11D0-8D11-00A0C91BC942}") = "Showroom", "Showroom\Showroom.vcxproj", "{8A8F5848-207A-4F56-95CE-B381C09EBD49}"
EndProject
Global
	GlobalSection(SolutionConfigurationPlatforms) = preSolution
		Debug|x64 = Debug|x64
		Debug|x86 = Debug|x86
		Release|x64 = Release|x64
		Release|x86 = Release|x86
	EndGlobalSection
	GlobalSection(ProjectConfigurationPlatforms) = postSolution
		{3C6D7D98-A5C9-4855-98FE-02B81477811D}.Debug|x64.ActiveCfg = Debug|x64
		{3C6D7D98-A5C9-4855-98FE-02B81477811D}.Debug|x64.Build.0 = Debug|x64
		{3C6D7D98-A5C9-4855-98FE-02B81477811D}.Debug|x86.ActiveCfg = Debug|Win32
		{3C6D7D98-A5C9-4855-98FE-02B81477811D}.Debug|x86.Build.0 = Debug|Win32
		{3C6D7D98-A5C9-4855-98FE-02B81477811D}.Release|x64.ActiveCfg = Release|x64
		{3C6D7D98-A5C9-4855-98FE-02B81477811D}.Release|x64.Build.0 = Release|x64
		{3C6D7D98-A5C9-4855-98FE-02B81477811D}.Release|x86.ActiveCfg = Release|Win32
		{3C6D7D98-A5C9-4855-98FE-02B81477811D}.Release|x86.Build.0 = Release|Win32
		{31902977-B309-4626-86E5-ECD6C26BB51F}.Debug|x64.ActiveCfg = Debug|x64
		{31902977-B309-4626-86E5-ECD6C26BB51F}.Debug|x64.Build.0 = Debug|x64
		{31902977-B309-4626-86E5-ECD6C26BB51F}.Debug|x86.ActiveCfg = Debug|Win32
		{31902977-B309-4626-86E5-ECD6C26BB51F}.Debug|x86.Build.0 = Debug|Win32
		{31902977-B309-4626-86E5-ECD6C26BB51F}.Release|x64.ActiveCfg = Release|x64
		{31902977-B309-4626-86E5-ECD6C26BB51F}.Release|x64.Build.0 = Release|x64
		{31902977-B309-4626-86E5-ECD6C26BB51F}.Release|x86.ActiveCfg = Release|Win32
		{31902977-B309-4626-86E5-ECD6C26BB51F}.Release|x86.Build.0 = Release|Win32
		{C54DC2B8-F737-473D-8711-67E47FBC3368}.Debug|x64.ActiveCfg = Debug|x64
		{C54DC2B8-F737-473D-8711-67E47FBC3368}.Debug|x64.Build.0 = Debug|x64
		{C54DC2B8-F737-473D-8711-67E47FBC3368}.Debug|x86.ActiveCfg = Debug|Win32
		{C54DC2B8-F737-473D-8711-67E47FBC3368}.Debug|x86.Build.0 = Debug|Win32
		{C54DC2B8-F737-473D-8711-67E47FBC3368}.Release|x64.ActiveCfg = Release|x64
		{C54DC2B8-F737-473D-8711-67E47FBC3368}.Release|x64.Build.0 = Release|x64
		{C54DC2B8-F737-473D-8711-67E47FBC3368}.Release|x86.ActiveCfg = Release|Win32
		{C54DC2B8-F737-473D-8711-67E47FBC3368}.Release|x86.Build.0 = Release|Win32
		{EEBC7041-1D21-45F1-8BCC-557629123B71}.Debug|x64.ActiveCfg = Debug|x64
		{EEBC7041-1D21-45F1-8BCC-557629123B71}.Debug|x64.Build.0 = Debug|x64
		{EEBC7041-1D21-45F1-8BCC-557629123B71}.Debug|x86.ActiveCfg = Debug|Win32
		{EEBC7041-1D21-45F1-8BCC-557629123B71}.Debug|x86.Build.0 = Debug|Win32
		{EEBC7041-1D21-45F1-8BCC-557629123B71}.Release|x64.ActiveCfg = Release|x64
		{EEBC7041-1D21-45F1-8BCC-557629123B71}.Release|x64.Build.0 = Release|x64
		{EEBC7041-1D21-45F1-8BCC-557629123B71}.Release|x86.ActiveCfg = Release|Win32
		{EEBC7041-1D21-45F1-8BCC-557629123B71}.Release|x86.Build.0 = Release|Win32
		{4CA38011-595B-410B-9E3F-10729B7D06F9}.Debug|x64.ActiveCfg = Debug|x64
		{4CA38011-595B-410B-9E3F-10729B7D06F9}.Debug|x64.Build.0 = Debug|x64
		{4CA38011-595B-410B-9E3F-10729B7D06F9}.Debug|x86.ActiveCfg = Debug|Win32
		{4CA38011-595B-410B-9E3F-10729B7D06F9}.Debug|x86.Build.0 = Debug|Win32
		{4CA38011-595B-410B-9E3F-10729B7D06F9}.Release|x64.ActiveCfg = Release|x64
		{4CA38011-595B-410B-9E3F-10729B7D06F9}.Release|x64.Build.0 = Release|x64
		{4CA38011-595B-410B-9E3F-10729B7D06F9}.Release|x86.ActiveCfg = Release|Win32
		{4CA38011-595B-410B-9E3F-10729B7D06F9}.Release|x86.Build.0 = Release|Win32
		{FE68AD39-7B8A-4BE7-BD32-0D10B198EB4C}.Debug|x64.ActiveCfg = Debug|x64
		{FE68AD39-7B8A-4BE7-BD32-0D10B198EB4C}.Debug|x64.Build.0 = Debug|x64
		{FE68AD39-7B8A-4BE7-BD32-0D10B198EB4C}.Debug|x86.ActiveCfg = Debug|Win32
		{FE68AD39-7B8A-4BE7-BD32-0D10B198EB4C}.Debug|x86.Build.0 = Debug|Win32
		{FE68AD39-7B8A-4BE7-BD32-0D10B198EB4C}.Release|x64.ActiveCfg = Release|x64
		{FE68AD39-7B8A-4BE7-BD32-0D10B198EB4C}.Release|x64.Build.0 = Release|x64
		{FE68AD39-7B8A-4BE7-BD32-0D10B198EB4C}.Release|x86.ActiveCfg = Release|Win32
		{FE68AD39-7B8A-4BE7-BD32-0D10B198EB4C}.Release|x86.Build.0 = Release|Win32
		{AF20401E-FE25-4CA7-BE3C-5CCD0B5A6F8F}.Debug|x64.ActiveCfg = Debug|x64
		{AF20401E-FE25-4CA7-BE3C-5CCD0B5A6F8F}.Debug|x64.Build.0 = Debug|x64
		{AF20401E-FE25-4CA7-BE3C-5CCD0B5A6F8F}.Debug|x86.ActiveCfg = Debug|Win32
		{AF20401E-FE25-4CA7-BE3C-5CCD0B5A6F8F}.Debug|x86.Build.0 = Debug|Win32
		{AF20401E-FE25-4CA7-BE3C-5CCD0B5A6F8F}.Release|x64.ActiveCfg = Release|x64
		{AF20401E-FE25-4CA7-BE3C-5CCD0B5A6F8F}.Release|x64.Build.0 = Release|x64
		{AF20401E-FE25-4CA7-BE3C-5CCD0B5A6F8F}.Release|x86.ActiveCfg = Release|Win32
		{AF20401E-FE25-4CA7-BE3C-5CCD0B5A6F8F}.Release|x86.Build.0 = Release|Win32
		{98DDCE04-569E-4756-B9E6-1B6CCBC333CF}.Debug|x64.ActiveCfg = Debug|x64
		{98DDCE04-569E-4756-B9E6-1B6CCBC333CF}.Debug|x64.Build.0 = Debug|x64
		{98DDCE04-569E-4756-B9E6-1B6CCBC333CF}.Debug|x86.ActiveCfg = Debug|Win32
		{98DDCE04-569E-4756-B9E6-1B6CCBC333CF}.Debug|x86.Build.0 = Debug|Win32
		{98DDCE04-569E-4756-B9E6-1B6CCBC333CF}.Release|x64.ActiveCfg = Release|x64
		{98DDCE04-569E-4756-B9E6-1B6CCBC333CF}.Release|x64.Build.0 = Release|x64
		{98DDCE04-569E-4756-B9E6-1B6CCBC333CF}.Release|x86.ActiveCfg = Release|Win32
		{98DDCE04-569E-4756-B9E6-1B6CCBC333CF}.Release|x86.Build.0 = Release|Win32
		{BFEE3E7F-299A-4C4D-ABEC-F66A90F10C85}.Debug|x64.ActiveCfg = Debug|x64
		{BFEE3E7F-299A-4C4D-ABEC-F66A90F10C85}.Debug|x64.Build.0 = Debug|x64
		{BFEE3E7F-299A-4C4D-ABEC-F66A90F10C85}.Debug|x86.ActiveCfg = Debug|Win32
		{BFEE3E7F-299A-4C4D-ABEC-F66A90F10C85}.Debug|x86.Build.0 = Debug|Win32
		{BFEE3E7F-299A-4C4D-ABEC-F66A90F10C85}.Release|x64.ActiveCfg = Release|x64
		{BFEE3E7F-299A-4C4D-ABEC-F66A90F10C85}.Release|x64.Build.0 = Release|x64
		{BFEE3E7F-299A-4C4D-ABEC-F66A90F10C85}.Release|x86.ActiveCfg = Release|Win32
		{BFEE3E7F-299A-4C4D-ABEC-F66A90F10C85}.Release|x86.Build.0 = Release|Win32
		{C0583666-840B-42F5-8A06-3BEA413004B8}.Debug|x64.ActiveCfg = Debug|x64
		{C0583666-840B-42F5-8A06-3BEA413004B8}.Debug|x64.Build.0 = Debug|x64
		{C0583666-840B-42F5-8A06-3BEA413004B8}.Debug|x86.ActiveCfg = Debug|Win32
		{C0583666-840B-42F5-8A06-3BEA413004B8}.Debug|x86.Build.0 = Debug|Win32
		{C0583666-840B-42F5-8A06-3BEA413004B8}.Release|x64.ActiveCfg = Release|x64
		{C0583666-840B-42F5-8A06-3BEA413004B8}.Release|x64.Build.0 = Release|x64
		{C0583666-840B-42F5-8A06-3BEA413004B8}.Release|x86.ActiveCfg = Release|Win32
		{C0583666-840B-42F5-8A06-3BEA413004B8}.Release|x86.Build.0 = Release|Win32
		{93139A5E-D8C5-47E7-9358-F325F4721F35}.Debug|x64.ActiveCfg = Debug|x64
		{93139A5E-D8C5-47E7-9358-F325F4721F35}.Debug|x64.Build.0 = Debug|x64
		{93139A5E-D8C5-47E7-9358-F325F4721F35}.Debug|x86.ActiveCfg = Debug|Win32
		{93139A5E-D8C5-47E7-9358-F325F4721F35}.Debug|x86.Build.0 = Debug|Win32
		{93139A5E-D8C5-47E7-9358-F325F4721F35}.Release|x64.ActiveCfg = Release|x64
		{93139A5E-D8C5-47E7-9358-F325F4721F35}.Release|x64.Build.0 = Release|x64
		{93139A5E-D8C5-47E7-9358-F325F4721F35}.Release|x86.ActiveCfg = Release|Win32
		{93139A5E-D8C5-47E7-9358-F325F4721F35}.Release|x86.Build.0 = Release|Win32
		{B4618FC4-8B75-4F38-BBD8-AA82F08937C6}.Debug|x64.ActiveCfg = Debug|x64
		{B4618FC4-8B75-4F38-BBD8-AA82F08937C6}.Debug|x64.Build.0 = Debug|x64
		{B4618FC4-8B75-4F38-BBD8-AA82F08937C6}.Debug|x86.ActiveCfg = Debug|Win32
		{B4618FC4-8B75-4F38-BBD8-AA82F08937C6}.Debug|x86.Build.0 = Debug|Win32
		{B4618FC4-8B75-4F38-BBD8-AA82F08937C6}.Release|x64.ActiveCfg = Release|x64
		{B4618FC4-8B75-4F38-BBD8-AA82F08937C6}.Release|x64.Build.0 = Release|x64
		{B4618FC4-8B75-4F38-BBD8-AA82F08937C6}.Release|x86.ActiveCfg = Release|Win32
		{B4618FC4-8B75-4F38-BBD8-AA82F08937C6}.Release|x86.Build.0 = Release|Win32
		{FDB6483D-C3AD-4E80-8853-00FC603D2734}.Debug|x64.ActiveCfg = Debug|x64
		{FDB6483D-C3AD-4E80-8853-00FC603D2734}.Debug|x64.Build.0 = Debug|x64
		{FDB6483D-C3AD-4E80-8853-00FC603D2734}.Debug|x86.ActiveCfg = Debug|Win32
		{FDB6483D-C3AD-4E80-8853-00FC603D2734}.Debug|x86.Build.0 = Debug|Win32
		{FDB6483D-C3AD-4E80-8853-00FC603D2734}.Release|x64.ActiveCfg = Release|x64
		{FDB6483D-C3AD-4E80-8853-00FC603D2734}.Release|x64.Build.0 = Release|x64
		{FDB6483D-C3AD-4E80-8853-00FC603D2734}.Release|x86.ActiveCfg = Release|Win32
		{FDB6483D-C3AD-4E80-8853-00FC603D2734}.Release|x86.Build.0 = Release|Win32
		{8A8F5848-207A-4F56-95CE-B381C09EBD49}.Debug|x64.ActiveCfg = Debug|x64
		{8A8F5848-207A-4F56-95CE-B381C09EBD49}.Debug|x64.Build.0 = Debug|x64
		{8A8F5848-207A-4F56-95CE-B381C09EBD49}.Debug|x86.ActiveCfg = Debug|Win32
		{8A8F5848-207A-4F56-95CE-B381C09EBD49}.Debug|x86.Build.0 = Debug|Win32
		{8A8F5848-207A-4F56-95CE-B381C09EBD49}.Release|x64.ActiveCfg = Release|x64
		{8A8F5848-207A-4F56-95CE-B381C09EBD49}.Release|x64.Build.0 = Release|x64
		{8A8F5848-207A-4F56-95CE-B381C09EBD49}.Release|x86.ActiveCfg = Release|Win32
		{8A8F5848-207A-4F56-95CE-B381C09EBD49}.Release|x86.Build.0 = Release|Win32
	EndGlobalSection
	GlobalSection(SolutionProperties) = preSolution
		HideSolutionNode = FALSE
	EndGlobalSection
	GlobalSection(ExtensibilityGlobals) = postSolution
		SolutionGuid = {684B64A1-96DA-460B-BF8E-CA46C58686C8}
	EndGlobalSection
EndGlobal
